uuid: a691b488-def2-4f3e-ba41-9a83d298545c
langcode: en
status: true
dependencies:
  config:
    - block_content.type.nbbib_content_block
id: block_content.nbbib_content_block
target_entity_type_id: block_content
target_bundle: nbbib_content_block
default_langcode: site_default
language_alterable: false
