uuid: 496d6e3a-c34b-4be5-84dd-03865bf6f64a
langcode: en
status: true
dependencies:
  config:
    - block_content.type.nbbib_content_block
id: block_content.nbbib_content_block
target_entity_type_id: block_content
target_bundle: nbbib_content_block
default_langcode: site_default
language_alterable: false
